
Microsoft Visual Studio Solution File, Format Version 12.00
# Visual Studio 2012
Project("{FAE04EC0-301F-11D3-BF4B-00C04F79EFBC}") = "YM.Web.UI", "YM.Web.UI\YM.Web.UI.csproj", "{EB906280-783D-4DBB-8844-039728717957}"
EndProject
Project("{FAE04EC0-301F-11D3-BF4B-00C04F79EFBC}") = "YM.Service", "YM.Service\YM.Service.csproj", "{51E4AB4B-92C2-4509-AFA5-BCCC84756F19}"
EndProject
Global
	GlobalSection(SolutionConfigurationPlatforms) = preSolution
		Debug|Any CPU = Debug|Any CPU
		Release|Any CPU = Release|Any CPU
	EndGlobalSection
	GlobalSection(ProjectConfigurationPlatforms) = postSolution
		{EB906280-783D-4DBB-8844-039728717957}.Debug|Any CPU.ActiveCfg = Debug|Any CPU
		{EB906280-783D-4DBB-8844-039728717957}.Debug|Any CPU.Build.0 = Debug|Any CPU
		{EB906280-783D-4DBB-8844-039728717957}.Release|Any CPU.ActiveCfg = Release|Any CPU
		{EB906280-783D-4DBB-8844-039728717957}.Release|Any CPU.Build.0 = Release|Any CPU
		{51E4AB4B-92C2-4509-AFA5-BCCC84756F19}.Debug|Any CPU.ActiveCfg = Debug|Any CPU
		{51E4AB4B-92C2-4509-AFA5-BCCC84756F19}.Debug|Any CPU.Build.0 = Debug|Any CPU
		{51E4AB4B-92C2-4509-AFA5-BCCC84756F19}.Release|Any CPU.ActiveCfg = Release|Any CPU
		{51E4AB4B-92C2-4509-AFA5-BCCC84756F19}.Release|Any CPU.Build.0 = Release|Any CPU
	EndGlobalSection
	GlobalSection(SolutionProperties) = preSolution
		HideSolutionNode = FALSE
	EndGlobalSection
EndGlobal
